<?xml version="1.0" encoding="utf-8"?>
<Project ToolsVersion="4.0" xmlns="http://schemas.microsoft.com/developer/msbuild/2003">
  <ItemGroup>
    <Filter Include="Source Files">
      <UniqueIdentifier>{4FC737F1-C7A5-4376-A066-2A32D752A2FF}</UniqueIdentifier>
      <Extensions>cpp;c;cc;cxx;c++;cppm;ixx;def;odl;idl;hpj;bat;asm;asmx</Extensions>
    </Filter>
    <Filter Include="Header Files">
      <UniqueIdentifier>{93995380-89BD-4b04-88EB-625FBE52EBFB}</UniqueIdentifier>
      <Extensions>h;hh;hpp;hxx;h++;hm;inl;inc;ipp;xsd</Extensions>
    </Filter>
    <Filter Include="Resource Files">
      <UniqueIdentifier>{67DA6AB6-F800-4c08-8B7A-83BB121AAD01}</UniqueIdentifier>
      <Extensions>rc;ico;cur;bmp;dlg;rc2;rct;bin;rgs;gif;jpg;jpeg;jpe;resx;tiff;tif;png;wav;mfcribbon-ms</Extensions>
    </Filter>
  </ItemGroup>
  <ItemGroup>
    <ClCompile Include="Problem #01.cpp">
      <Filter>Source Files</Filter>
    </ClCompile>
    <ClCompile Include="Problem #02.cpp">
      <Filter>Source Files</Filter>
    </ClCompile>
    <ClCompile Include="Problem #03.cpp">
      <Filter>Source Files</Filter>
    </ClCompile>
    <ClCompile Include="Problem #04.cpp">
      <Filter>Source Files</Filter>
    </ClCompile>
    <ClCompile Include="Problem #05.cpp">
      <Filter>Source Files</Filter>
    </ClCompile>
    <ClCompile Include="Problem #06.cpp">
      <Filter>Source Files</Filter>
    </ClCompile>
    <ClCompile Include="Problem #07.cpp">
      <Filter>Source Files</Filter>
    </ClCompile>
    <ClCompile Include="Problem #08.cpp">
      <Filter>Source Files</Filter>
    </ClCompile>
    <ClCompile Include="Problem #09.cpp">
      <Filter>Source Files</Filter>
    </ClCompile>
    <ClCompile Include="Problem #10.cpp">
      <Filter>Source Files</Filter>
    </ClCompile>
    <ClCompile Include="Problem #11.cpp">
      <Filter>Source Files</Filter>
    </ClCompile>
    <ClCompile Include="Problem #12.cpp">
      <Filter>Source Files</Filter>
    </ClCompile>
    <ClCompile Include="Problem #13.cpp">
      <Filter>Source Files</Filter>
    </ClCompile>
    <ClCompile Include="Problem #14.cpp">
      <Filter>Source Files</Filter>
    </ClCompile>
    <ClCompile Include="Problem #15.cpp">
      <Filter>Source Files</Filter>
    </ClCompile>
    <ClCompile Include="Problem #16.cpp">
      <Filter>Source Files</Filter>
    </ClCompile>
    <ClCompile Include="Problem #17.cpp">
      <Filter>Source Files</Filter>
    </ClCompile>
    <ClCompile Include="Problem #18.cpp">
      <Filter>Source Files</Filter>
    </ClCompile>
    <ClCompile Include="Problem #19.cpp">
      <Filter>Source Files</Filter>
    </ClCompile>
    <ClCompile Include="Problem #20.cpp">
      <Filter>Source Files</Filter>
    </ClCompile>
    <ClCompile Include="Problem #21.cpp">
      <Filter>Source Files</Filter>
    </ClCompile>
    <ClCompile Include="Problem #22.cpp">
      <Filter>Source Files</Filter>
    </ClCompile>
    <ClCompile Include="Problem #23.cpp">
      <Filter>Source Files</Filter>
    </ClCompile>
    <ClCompile Include="Problem #24.cpp">
      <Filter>Source Files</Filter>
    </ClCompile>
    <ClCompile Include="Problem #25.cpp">
      <Filter>Source Files</Filter>
    </ClCompile>
    <ClCompile Include="Problem #26.cpp">
      <Filter>Source Files</Filter>
    </ClCompile>
    <ClCompile Include="Problem #27.cpp">
      <Filter>Source Files</Filter>
    </ClCompile>
    <ClCompile Include="Problem #28.cpp">
      <Filter>Source Files</Filter>
    </ClCompile>
    <ClCompile Include="Problem #29.cpp">
      <Filter>Source Files</Filter>
    </ClCompile>
    <ClCompile Include="Problem #30.cpp">
      <Filter>Source Files</Filter>
    </ClCompile>
    <ClCompile Include="Problem #31.cpp">
      <Filter>Source Files</Filter>
    </ClCompile>
    <ClCompile Include="Problem #32.cpp">
      <Filter>Source Files</Filter>
    </ClCompile>
    <ClCompile Include="Problem #33.cpp">
      <Filter>Source Files</Filter>
    </ClCompile>
    <ClCompile Include="Problem #34.cpp">
      <Filter>Source Files</Filter>
    </ClCompile>
    <ClCompile Include="Problem #35.cpp">
      <Filter>Source Files</Filter>
    </ClCompile>
    <ClCompile Include="Problem #36.cpp">
      <Filter>Source Files</Filter>
    </ClCompile>
    <ClCompile Include="Problem #37.cpp">
      <Filter>Source Files</Filter>
    </ClCompile>
    <ClCompile Include="Problem #38.cpp">
      <Filter>Source Files</Filter>
    </ClCompile>
    <ClCompile Include="Problem #39.cpp">
      <Filter>Source Files</Filter>
    </ClCompile>
    <ClCompile Include="Problem #40.cpp">
      <Filter>Source Files</Filter>
    </ClCompile>
    <ClCompile Include="Problem #41.cpp">
      <Filter>Source Files</Filter>
    </ClCompile>
    <ClCompile Include="Problem #42.cpp">
      <Filter>Source Files</Filter>
    </ClCompile>
    <ClCompile Include="Problem #43.cpp">
      <Filter>Source Files</Filter>
    </ClCompile>
    <ClCompile Include="Problem #44.cpp">
      <Filter>Source Files</Filter>
    </ClCompile>
    <ClCompile Include="Problem #45.cpp">
      <Filter>Source Files</Filter>
    </ClCompile>
    <ClCompile Include="Problem #46.cpp">
      <Filter>Source Files</Filter>
    </ClCompile>
    <ClCompile Include="Problem #47.cpp">
      <Filter>Source Files</Filter>
    </ClCompile>
    <ClCompile Include="Problem #48.cpp">
      <Filter>Source Files</Filter>
    </ClCompile>
    <ClCompile Include="Problem #49.cpp">
      <Filter>Source Files</Filter>
    </ClCompile>
    <ClCompile Include="Problem #50.cpp">
      <Filter>Source Files</Filter>
    </ClCompile>
    <ClCompile Include="Problem #51.cpp">
      <Filter>Source Files</Filter>
    </ClCompile>
    <ClCompile Include="Project 1 - Bank1%28My Solution%29.cpp">
      <Filter>Source Files</Filter>
    </ClCompile>
    <ClCompile Include="Project 1 - Bank1 %28Dr Mohammed  Solution %29.cpp">
      <Filter>Source Files</Filter>
    </ClCompile>
    <ClCompile Include="Project 2 - Bank Extension %28My Solution%29 .cpp">
      <Filter>Source Files</Filter>
    </ClCompile>
    <ClCompile Include="Project 2 - Bank Extension Project 2 - Bank Extension %28Dr Mohammed Solution%29 .cpp">
      <Filter>Source Files</Filter>
    </ClCompile>
  </ItemGroup>
  <ItemGroup>
    <ClInclude Include="Helper.h">
      <Filter>Header Files</Filter>
    </ClInclude>
  </ItemGroup>
</Project>